
Microsoft Visual Studio Solution File, Format Version 12.00
# Visual Studio Version 16
VisualStudioVersion = 16.0.31829.152
MinimumVisualStudioVersion = 10.0.40219.1
Project("{FAE04EC0-301F-11D3-BF4B-00C04F79EFBC}") = "ConsoleApp Task8_2", "ConsoleApp Task8_2\ConsoleApp Task8_2.csproj", "{7FEEF07F-8BE3-4FB1-A5C0-F094A61A77EC}"
EndProject
Global
	GlobalSection(SolutionConfigurationPlatforms) = preSolution
		Debug|Any CPU = Debug|Any CPU
		Release|Any CPU = Release|Any CPU
	EndGlobalSection
	GlobalSection(ProjectConfigurationPlatforms) = postSolution
		{7FEEF07F-8BE3-4FB1-A5C0-F094A61A77EC}.Debug|Any CPU.ActiveCfg = Debug|Any CPU
		{7FEEF07F-8BE3-4FB1-A5C0-F094A61A77EC}.Debug|Any CPU.Build.0 = Debug|Any CPU
		{7FEEF07F-8BE3-4FB1-A5C0-F094A61A77EC}.Release|Any CPU.ActiveCfg = Release|Any CPU
		{7FEEF07F-8BE3-4FB1-A5C0-F094A61A77EC}.Release|Any CPU.Build.0 = Release|Any CPU
	EndGlobalSection
	GlobalSection(SolutionProperties) = preSolution
		HideSolutionNode = FALSE
	EndGlobalSection
	GlobalSection(ExtensibilityGlobals) = postSolution
		SolutionGuid = {C7645164-FA71-45B7-872D-6AF968D3D9A3}
	EndGlobalSection
EndGlobal
